
Microsoft Visual Studio Solution File, Format Version 12.00
# Visual Studio Version 17
VisualStudioVersion = 17.11.35312.102
MinimumVisualStudioVersion = 10.0.40219.1
Project("{9A19103F-16F7-4668-BE54-9A1E7A4F7556}") = "Tian_fullstack", "Tian_fullstack\Tian_fullstack.csproj", "{6A9B37E7-6C73-4E72-8EAB-C15616BCEB00}"
EndProject
Global
	GlobalSection(SolutionConfigurationPlatforms) = preSolution
		Debug|Any CPU = Debug|Any CPU
		Release|Any CPU = Release|Any CPU
	EndGlobalSection
	GlobalSection(ProjectConfigurationPlatforms) = postSolution
		{6A9B37E7-6C73-4E72-8EAB-C15616BCEB00}.Debug|Any CPU.ActiveCfg = Debug|Any CPU
		{6A9B37E7-6C73-4E72-8EAB-C15616BCEB00}.Debug|Any CPU.Build.0 = Debug|Any CPU
		{6A9B37E7-6C73-4E72-8EAB-C15616BCEB00}.Release|Any CPU.ActiveCfg = Release|Any CPU
		{6A9B37E7-6C73-4E72-8EAB-C15616BCEB00}.Release|Any CPU.Build.0 = Release|Any CPU
	EndGlobalSection
	GlobalSection(SolutionProperties) = preSolution
		HideSolutionNode = FALSE
	EndGlobalSection
	GlobalSection(ExtensibilityGlobals) = postSolution
		SolutionGuid = {D7E22B00-E585-421B-9897-EBED5D909EBB}
	EndGlobalSection
EndGlobal
